
Microsoft Visual Studio Solution File, Format Version 12.00
# Visual Studio Version 17
VisualStudioVersion = 17.0.31808.319
MinimumVisualStudioVersion = 10.0.40219.1
Project("{9A19103F-16F7-4668-BE54-9A1E7A4F7556}") = "MyTestWebApp", "MyTestWebApp\MyTestWebApp.csproj", "{B36F7936-87B7-4671-9C15-758F0EB29565}"
EndProject
Global
	GlobalSection(SolutionConfigurationPlatforms) = preSolution
		Debug|Any CPU = Debug|Any CPU
		Release|Any CPU = Release|Any CPU
	EndGlobalSection
	GlobalSection(ProjectConfigurationPlatforms) = postSolution
		{B36F7936-87B7-4671-9C15-758F0EB29565}.Debug|Any CPU.ActiveCfg = Debug|Any CPU
		{B36F7936-87B7-4671-9C15-758F0EB29565}.Debug|Any CPU.Build.0 = Debug|Any CPU
		{B36F7936-87B7-4671-9C15-758F0EB29565}.Release|Any CPU.ActiveCfg = Release|Any CPU
		{B36F7936-87B7-4671-9C15-758F0EB29565}.Release|Any CPU.Build.0 = Release|Any CPU
	EndGlobalSection
	GlobalSection(SolutionProperties) = preSolution
		HideSolutionNode = FALSE
	EndGlobalSection
	GlobalSection(ExtensibilityGlobals) = postSolution
		SolutionGuid = {E3BDE790-7A54-49F4-B222-C76422FD5730}
	EndGlobalSection
EndGlobal
